// !$*UTF8*$!
{
	archiveVersion = 1;
	classes = {
	};
	objectVersion = 46;
	objects = {

/* Begin PBXBuildFile section */
		4D66FA634D157E3C521C604D /* libPods.a in Frameworks */ = {isa = PBXBuildFile; fileRef = 7448346AC21A25BDD4A9CCB9 /* libPods.a */; };
		7C1BC2071BA3AB1100353080 /* ProductDetailViewController.m in Sources */ = {isa = PBXBuildFile; fileRef = 7C1BC2061BA3AB1100353080 /* ProductDetailViewController.m */; };
		7C5E303E1BA5CCFF006C6EFA /* sort.png in Resources */ = {isa = PBXBuildFile; fileRef = 7C5E303C1BA5CCFF006C6EFA /* sort.png */; };
		7C5E303F1BA5CCFF006C6EFA /* tick.png in Resources */ = {isa = PBXBuildFile; fileRef = 7C5E303D1BA5CCFF006C6EFA /* tick.png */; };
		7C6BFCBA1BA4CD400026495A /* LastCell.m in Sources */ = {isa = PBXBuildFile; fileRef = 7C6BFCB91BA4CD400026495A /* LastCell.m */; };
		7C6BFCBD1BA4D0AE0026495A /* tick@2x.png in Resources */ = {isa = PBXBuildFile; fileRef = 7C6BFCBB1BA4D0AE0026495A /* tick@2x.png */; };
		7C6BFCBE1BA4D0AE0026495A /* tick@3x.png in Resources */ = {isa = PBXBuildFile; fileRef = 7C6BFCBC1BA4D0AE0026495A /* tick@3x.png */; };
		7C6BFCC11BA4D28B0026495A /* sort@2x.png in Resources */ = {isa = PBXBuildFile; fileRef = 7C6BFCBF1BA4D28B0026495A /* sort@2x.png */; };
		7C6BFCC21BA4D28B0026495A /* sort@3x.png in Resources */ = {isa = PBXBuildFile; fileRef = 7C6BFCC01BA4D28B0026495A /* sort@3x.png */; };
		7C6BFCC51BA4D8240026495A /* ProductImageCell.m in Sources */ = {isa = PBXBuildFile; fileRef = 7C6BFCC41BA4D8240026495A /* ProductImageCell.m */; };
		7C6BFCC81BA4D8320026495A /* ProductInfoCell.m in Sources */ = {isa = PBXBuildFile; fileRef = 7C6BFCC71BA4D8320026495A /* ProductInfoCell.m */; };
		7C6BFCCB1BA4DFAD0026495A /* ProductDescriptionCell.m in Sources */ = {isa = PBXBuildFile; fileRef = 7C6BFCCA1BA4DFAD0026495A /* ProductDescriptionCell.m */; };
		7CD2519A1BA30DCD00F67E48 /* main.m in Sources */ = {isa = PBXBuildFile; fileRef = 7CD251991BA30DCD00F67E48 /* main.m */; };
		7CD2519D1BA30DCD00F67E48 /* AppDelegate.m in Sources */ = {isa = PBXBuildFile; fileRef = 7CD2519C1BA30DCD00F67E48 /* AppDelegate.m */; };
		7CD251A01BA30DCD00F67E48 /* ProductsViewController.m in Sources */ = {isa = PBXBuildFile; fileRef = 7CD2519F1BA30DCD00F67E48 /* ProductsViewController.m */; };
		7CD251A31BA30DCD00F67E48 /* Main.storyboard in Resources */ = {isa = PBXBuildFile; fileRef = 7CD251A11BA30DCD00F67E48 /* Main.storyboard */; };
		7CD251A51BA30DCD00F67E48 /* Images.xcassets in Resources */ = {isa = PBXBuildFile; fileRef = 7CD251A41BA30DCD00F67E48 /* Images.xcassets */; };
		7CD251A81BA30DCD00F67E48 /* LaunchScreen.xib in Resources */ = {isa = PBXBuildFile; fileRef = 7CD251A61BA30DCD00F67E48 /* LaunchScreen.xib */; };
		7CD251B41BA30DCD00F67E48 /* ZaloraTests.m in Sources */ = {isa = PBXBuildFile; fileRef = 7CD251B31BA30DCD00F67E48 /* ZaloraTests.m */; };
		7CD251BF1BA3118C00F67E48 /* ProductCell.m in Sources */ = {isa = PBXBuildFile; fileRef = 7CD251BE1BA3118C00F67E48 /* ProductCell.m */; };
		7CD251C21BA3120700F67E48 /* WebServiceClient.m in Sources */ = {isa = PBXBuildFile; fileRef = 7CD251C11BA3120700F67E48 /* WebServiceClient.m */; };
/* End PBXBuildFile section */

/* Begin PBXContainerItemProxy section */
		7CD251AE1BA30DCD00F67E48 /* PBXContainerItemProxy */ = {
			isa = PBXContainerItemProxy;
			containerPortal = 7CD2518C1BA30DCD00F67E48 /* Project object */;
			proxyType = 1;
			remoteGlobalIDString = 7CD251931BA30DCD00F67E48;
			remoteInfo = Zalora;
		};
/* End PBXContainerItemProxy section */

/* Begin PBXFileReference section */
		7374F3E65FFDB5E88B3FEFB3 /* Pods.release.xcconfig */ = {isa = PBXFileReference; includeInIndex = 1; lastKnownFileType = text.xcconfig; name = Pods.release.xcconfig; path = "Pods/Target Support Files/Pods/Pods.release.xcconfig"; sourceTree = "<group>"; };
		7448346AC21A25BDD4A9CCB9 /* libPods.a */ = {isa = PBXFileReference; explicitFileType = archive.ar; includeInIndex = 0; path = libPods.a; sourceTree = BUILT_PRODUCTS_DIR; };
		7C1BC2051BA3AB1100353080 /* ProductDetailViewController.h */ = {isa = PBXFileReference; fileEncoding = 4; lastKnownFileType = sourcecode.c.h; path = ProductDetailViewController.h; sourceTree = "<group>"; };
		7C1BC2061BA3AB1100353080 /* ProductDetailViewController.m */ = {isa = PBXFileReference; fileEncoding = 4; lastKnownFileType = sourcecode.c.objc; path = ProductDetailViewController.m; sourceTree = "<group>"; };
		7C5E303C1BA5CCFF006C6EFA /* sort.png */ = {isa = PBXFileReference; lastKnownFileType = image.png; path = sort.png; sourceTree = "<group>"; };
		7C5E303D1BA5CCFF006C6EFA /* tick.png */ = {isa = PBXFileReference; lastKnownFileType = image.png; path = tick.png; sourceTree = "<group>"; };
		7C6BFCB81BA4CD400026495A /* LastCell.h */ = {isa = PBXFileReference; fileEncoding = 4; lastKnownFileType = sourcecode.c.h; path = LastCell.h; sourceTree = "<group>"; };
		7C6BFCB91BA4CD400026495A /* LastCell.m */ = {isa = PBXFileReference; fileEncoding = 4; lastKnownFileType = sourcecode.c.objc; path = LastCell.m; sourceTree = "<group>"; };
		7C6BFCBB1BA4D0AE0026495A /* tick@2x.png */ = {isa = PBXFileReference; lastKnownFileType = image.png; path = "tick@2x.png"; sourceTree = "<group>"; };
		7C6BFCBC1BA4D0AE0026495A /* tick@3x.png */ = {isa = PBXFileReference; lastKnownFileType = image.png; path = "tick@3x.png"; sourceTree = "<group>"; };
		7C6BFCBF1BA4D28B0026495A /* sort@2x.png */ = {isa = PBXFileReference; lastKnownFileType = image.png; path = "sort@2x.png"; sourceTree = "<group>"; };
		7C6BFCC01BA4D28B0026495A /* sort@3x.png */ = {isa = PBXFileReference; lastKnownFileType = image.png; path = "sort@3x.png"; sourceTree = "<group>"; };
		7C6BFCC31BA4D8240026495A /* ProductImageCell.h */ = {isa = PBXFileReference; fileEncoding = 4; lastKnownFileType = sourcecode.c.h; path = ProductImageCell.h; sourceTree = "<group>"; };
		7C6BFCC41BA4D8240026495A /* ProductImageCell.m */ = {isa = PBXFileReference; fileEncoding = 4; lastKnownFileType = sourcecode.c.objc; path = ProductImageCell.m; sourceTree = "<group>"; };
		7C6BFCC61BA4D8320026495A /* ProductInfoCell.h */ = {isa = PBXFileReference; fileEncoding = 4; lastKnownFileType = sourcecode.c.h; path = ProductInfoCell.h; sourceTree = "<group>"; };
		7C6BFCC71BA4D8320026495A /* ProductInfoCell.m */ = {isa = PBXFileReference; fileEncoding = 4; lastKnownFileType = sourcecode.c.objc; path = ProductInfoCell.m; sourceTree = "<group>"; };
		7C6BFCC91BA4DFAD0026495A /* ProductDescriptionCell.h */ = {isa = PBXFileReference; fileEncoding = 4; lastKnownFileType = sourcecode.c.h; path = ProductDescriptionCell.h; sourceTree = "<group>"; };
		7C6BFCCA1BA4DFAD0026495A /* ProductDescriptionCell.m */ = {isa = PBXFileReference; fileEncoding = 4; lastKnownFileType = sourcecode.c.objc; path = ProductDescriptionCell.m; sourceTree = "<group>"; };
		7CD251941BA30DCD00F67E48 /* Zalora.app */ = {isa = PBXFileReference; explicitFileType = wrapper.application; includeInIndex = 0; path = Zalora.app; sourceTree = BUILT_PRODUCTS_DIR; };
		7CD251981BA30DCD00F67E48 /* Info.plist */ = {isa = PBXFileReference; lastKnownFileType = text.plist.xml; path = Info.plist; sourceTree = "<group>"; };
		7CD251991BA30DCD00F67E48 /* main.m */ = {isa = PBXFileReference; lastKnownFileType = sourcecode.c.objc; path = main.m; sourceTree = "<group>"; };
		7CD2519B1BA30DCD00F67E48 /* AppDelegate.h */ = {isa = PBXFileReference; lastKnownFileType = sourcecode.c.h; path = AppDelegate.h; sourceTree = "<group>"; };
		7CD2519C1BA30DCD00F67E48 /* AppDelegate.m */ = {isa = PBXFileReference; lastKnownFileType = sourcecode.c.objc; path = AppDelegate.m; sourceTree = "<group>"; };
		7CD2519E1BA30DCD00F67E48 /* ProductsViewController.h */ = {isa = PBXFileReference; lastKnownFileType = sourcecode.c.h; path = ProductsViewController.h; sourceTree = "<group>"; };
		7CD2519F1BA30DCD00F67E48 /* ProductsViewController.m */ = {isa = PBXFileReference; lastKnownFileType = sourcecode.c.objc; path = ProductsViewController.m; sourceTree = "<group>"; };
		7CD251A21BA30DCD00F67E48 /* Base */ = {isa = PBXFileReference; lastKnownFileType = file.storyboard; name = Base; path = Base.lproj/Main.storyboard; sourceTree = "<group>"; };
		7CD251A41BA30DCD00F67E48 /* Images.xcassets */ = {isa = PBXFileReference; lastKnownFileType = folder.assetcatalog; path = Images.xcassets; sourceTree = "<group>"; };
		7CD251A71BA30DCD00F67E48 /* Base */ = {isa = PBXFileReference; lastKnownFileType = file.xib; name = Base; path = Base.lproj/LaunchScreen.xib; sourceTree = "<group>"; };
		7CD251AD1BA30DCD00F67E48 /* ZaloraTests.xctest */ = {isa = PBXFileReference; explicitFileType = wrapper.cfbundle; includeInIndex = 0; path = ZaloraTests.xctest; sourceTree = BUILT_PRODUCTS_DIR; };
		7CD251B21BA30DCD00F67E48 /* Info.plist */ = {isa = PBXFileReference; lastKnownFileType = text.plist.xml; path = Info.plist; sourceTree = "<group>"; };
		7CD251B31BA30DCD00F67E48 /* ZaloraTests.m */ = {isa = PBXFileReference; lastKnownFileType = sourcecode.c.objc; path = ZaloraTests.m; sourceTree = "<group>"; };
		7CD251BD1BA3118C00F67E48 /* ProductCell.h */ = {isa = PBXFileReference; fileEncoding = 4; lastKnownFileType = sourcecode.c.h; path = ProductCell.h; sourceTree = "<group>"; };
		7CD251BE1BA3118C00F67E48 /* ProductCell.m */ = {isa = PBXFileReference; fileEncoding = 4; lastKnownFileType = sourcecode.c.objc; path = ProductCell.m; sourceTree = "<group>"; };
		7CD251C01BA3120700F67E48 /* WebServiceClient.h */ = {isa = PBXFileReference; fileEncoding = 4; lastKnownFileType = sourcecode.c.h; path = WebServiceClient.h; sourceTree = "<group>"; };
		7CD251C11BA3120700F67E48 /* WebServiceClient.m */ = {isa = PBXFileReference; fileEncoding = 4; lastKnownFileType = sourcecode.c.objc; path = WebServiceClient.m; sourceTree = "<group>"; };
		ECFA0C033F9F4246961306B1 /* Pods.debug.xcconfig */ = {isa = PBXFileReference; includeInIndex = 1; lastKnownFileType = text.xcconfig; name = Pods.debug.xcconfig; path = "Pods/Target Support Files/Pods/Pods.debug.xcconfig"; sourceTree = "<group>"; };
/* End PBXFileReference section */

/* Begin PBXFrameworksBuildPhase section */
		7CD251911BA30DCD00F67E48 /* Frameworks */ = {
			isa = PBXFrameworksBuildPhase;
			buildActionMask = 2147483647;
			files = (
				4D66FA634D157E3C521C604D /* libPods.a in Frameworks */,
			);
			runOnlyForDeploymentPostprocessing = 0;
		};
		7CD251AA1BA30DCD00F67E48 /* Frameworks */ = {
			isa = PBXFrameworksBuildPhase;
			buildActionMask = 2147483647;
			files = (
			);
			runOnlyForDeploymentPostprocessing = 0;
		};
/* End PBXFrameworksBuildPhase section */

/* Begin PBXGroup section */
		69D0D270800539E92E51C892 /* Frameworks */ = {
			isa = PBXGroup;
			children = (
				7448346AC21A25BDD4A9CCB9 /* libPods.a */,
			);
			name = Frameworks;
			sourceTree = "<group>";
		};
		7CD2518B1BA30DCD00F67E48 = {
			isa = PBXGroup;
			children = (
				7CD251961BA30DCD00F67E48 /* Zalora */,
				7CD251B01BA30DCD00F67E48 /* ZaloraTests */,
				7CD251951BA30DCD00F67E48 /* Products */,
				9A9F843904354C7EDDEC5667 /* Pods */,
				69D0D270800539E92E51C892 /* Frameworks */,
			);
			sourceTree = "<group>";
		};
		7CD251951BA30DCD00F67E48 /* Products */ = {
			isa = PBXGroup;
			children = (
				7CD251941BA30DCD00F67E48 /* Zalora.app */,
				7CD251AD1BA30DCD00F67E48 /* ZaloraTests.xctest */,
			);
			name = Products;
			sourceTree = "<group>";
		};
		7CD251961BA30DCD00F67E48 /* Zalora */ = {
			isa = PBXGroup;
			children = (
				7CD251C01BA3120700F67E48 /* WebServiceClient.h */,
				7CD251C11BA3120700F67E48 /* WebServiceClient.m */,
				7CD2519B1BA30DCD00F67E48 /* AppDelegate.h */,
				7CD2519C1BA30DCD00F67E48 /* AppDelegate.m */,
				7CD2519E1BA30DCD00F67E48 /* ProductsViewController.h */,
				7CD2519F1BA30DCD00F67E48 /* ProductsViewController.m */,
				7C1BC2051BA3AB1100353080 /* ProductDetailViewController.h */,
				7C1BC2061BA3AB1100353080 /* ProductDetailViewController.m */,
				7CD251A11BA30DCD00F67E48 /* Main.storyboard */,
				7CD251BD1BA3118C00F67E48 /* ProductCell.h */,
				7CD251BE1BA3118C00F67E48 /* ProductCell.m */,
				7C6BFCB81BA4CD400026495A /* LastCell.h */,
				7C6BFCB91BA4CD400026495A /* LastCell.m */,
				7C6BFCC31BA4D8240026495A /* ProductImageCell.h */,
				7C6BFCC41BA4D8240026495A /* ProductImageCell.m */,
				7C6BFCC61BA4D8320026495A /* ProductInfoCell.h */,
				7C6BFCC71BA4D8320026495A /* ProductInfoCell.m */,
				7C6BFCC91BA4DFAD0026495A /* ProductDescriptionCell.h */,
				7C6BFCCA1BA4DFAD0026495A /* ProductDescriptionCell.m */,
				7CD251A41BA30DCD00F67E48 /* Images.xcassets */,
				7CD251A61BA30DCD00F67E48 /* LaunchScreen.xib */,
				7CD251971BA30DCD00F67E48 /* Supporting Files */,
			);
			path = Zalora;
			sourceTree = "<group>";
		};
		7CD251971BA30DCD00F67E48 /* Supporting Files */ = {
			isa = PBXGroup;
			children = (
				7C5E303C1BA5CCFF006C6EFA /* sort.png */,
				7C6BFCBF1BA4D28B0026495A /* sort@2x.png */,
				7C6BFCC01BA4D28B0026495A /* sort@3x.png */,
				7C5E303D1BA5CCFF006C6EFA /* tick.png */,
				7C6BFCBB1BA4D0AE0026495A /* tick@2x.png */,
				7C6BFCBC1BA4D0AE0026495A /* tick@3x.png */,
				7CD251981BA30DCD00F67E48 /* Info.plist */,
				7CD251991BA30DCD00F67E48 /* main.m */,
			);
			name = "Supporting Files";
			sourceTree = "<group>";
		};
		7CD251B01BA30DCD00F67E48 /* ZaloraTests */ = {
			isa = PBXGroup;
			children = (
				7CD251B31BA30DCD00F67E48 /* ZaloraTests.m */,
				7CD251B11BA30DCD00F67E48 /* Supporting Files */,
			);
			path = ZaloraTests;
			sourceTree = "<group>";
		};
		7CD251B11BA30DCD00F67E48 /* Supporting Files */ = {
			isa = PBXGroup;
			children = (
				7CD251B21BA30DCD00F67E48 /* Info.plist */,
			);
			name = "Supporting Files";
			sourceTree = "<group>";
		};
		9A9F843904354C7EDDEC5667 /* Pods */ = {
			isa = PBXGroup;
			children = (
				ECFA0C033F9F4246961306B1 /* Pods.debug.xcconfig */,
				7374F3E65FFDB5E88B3FEFB3 /* Pods.release.xcconfig */,
			);
			name = Pods;
			sourceTree = "<group>";
		};
/* End PBXGroup section */

/* Begin PBXNativeTarget section */
		7CD251931BA30DCD00F67E48 /* Zalora */ = {
			isa = PBXNativeTarget;
			buildConfigurationList = 7CD251B71BA30DCD00F67E48 /* Build configuration list for PBXNativeTarget "Zalora" */;
			buildPhases = (
				C2B3BE0B8C594772506871E8 /* Check Pods Manifest.lock */,
				7CD251901BA30DCD00F67E48 /* Sources */,
				7CD251911BA30DCD00F67E48 /* Frameworks */,
				7CD251921BA30DCD00F67E48 /* Resources */,
				4680CFC7C2437220A69BF5E3 /* Copy Pods Resources */,
			);
			buildRules = (
			);
			dependencies = (
			);
			name = Zalora;
			productName = Zalora;
			productReference = 7CD251941BA30DCD00F67E48 /* Zalora.app */;
			productType = "com.apple.product-type.application";
		};
		7CD251AC1BA30DCD00F67E48 /* ZaloraTests */ = {
			isa = PBXNativeTarget;
			buildConfigurationList = 7CD251BA1BA30DCD00F67E48 /* Build configuration list for PBXNativeTarget "ZaloraTests" */;
			buildPhases = (
				7CD251A91BA30DCD00F67E48 /* Sources */,
				7CD251AA1BA30DCD00F67E48 /* Frameworks */,
				7CD251AB1BA30DCD00F67E48 /* Resources */,
			);
			buildRules = (
			);
			dependencies = (
				7CD251AF1BA30DCD00F67E48 /* PBXTargetDependency */,
			);
			name = ZaloraTests;
			productName = ZaloraTests;
			productReference = 7CD251AD1BA30DCD00F67E48 /* ZaloraTests.xctest */;
			productType = "com.apple.product-type.bundle.unit-test";
		};
/* End PBXNativeTarget section */

/* Begin PBXProject section */
		7CD2518C1BA30DCD00F67E48 /* Project object */ = {
			isa = PBXProject;
			attributes = {
				LastUpgradeCheck = 0640;
				ORGANIZATIONNAME = "Ulaş Sancak";
				TargetAttributes = {
					7CD251931BA30DCD00F67E48 = {
						CreatedOnToolsVersion = 6.4;
					};
					7CD251AC1BA30DCD00F67E48 = {
						CreatedOnToolsVersion = 6.4;
						TestTargetID = 7CD251931BA30DCD00F67E48;
					};
				};
			};
			buildConfigurationList = 7CD2518F1BA30DCD00F67E48 /* Build configuration list for PBXProject "Zalora" */;
			compatibilityVersion = "Xcode 3.2";
			developmentRegion = English;
			hasScannedForEncodings = 0;
			knownRegions = (
				en,
				Base,
			);
			mainGroup = 7CD2518B1BA30DCD00F67E48;
			productRefGroup = 7CD251951BA30DCD00F67E48 /* Products */;
			projectDirPath = "";
			projectRoot = "";
			targets = (
				7CD251931BA30DCD00F67E48 /* Zalora */,
				7CD251AC1BA30DCD00F67E48 /* ZaloraTests */,
			);
		};
/* End PBXProject section */

/* Begin PBXResourcesBuildPhase section */
		7CD251921BA30DCD00F67E48 /* Resources */ = {
			isa = PBXResourcesBuildPhase;
			buildActionMask = 2147483647;
			files = (
				7CD251A31BA30DCD00F67E48 /* Main.storyboard in Resources */,
				7CD251A81BA30DCD00F67E48 /* LaunchScreen.xib in Resources */,
				7C5E303F1BA5CCFF006C6EFA /* tick.png in Resources */,
				7CD251A51BA30DCD00F67E48 /* Images.xcassets in Resources */,
				7C5E303E1BA5CCFF006C6EFA /* sort.png in Resources */,
				7C6BFCC21BA4D28B0026495A /* sort@3x.png in Resources */,
				7C6BFCBE1BA4D0AE0026495A /* tick@3x.png in Resources */,
				7C6BFCC11BA4D28B0026495A /* sort@2x.png in Resources */,
				7C6BFCBD1BA4D0AE0026495A /* tick@2x.png in Resources */,
			);
			runOnlyForDeploymentPostprocessing = 0;
		};
		7CD251AB1BA30DCD00F67E48 /* Resources */ = {
			isa = PBXResourcesBuildPhase;
			buildActionMask = 2147483647;
			files = (
			);
			runOnlyForDeploymentPostprocessing = 0;
		};
/* End PBXResourcesBuildPhase section */

/* Begin PBXShellScriptBuildPhase section */
		4680CFC7C2437220A69BF5E3 /* Copy Pods Resources */ = {
			isa = PBXShellScriptBuildPhase;
			buildActionMask = 2147483647;
			files = (
			);
			inputPaths = (
			);
			name = "Copy Pods Resources";
			outputPaths = (
			);
			runOnlyForDeploymentPostprocessing = 0;
			shellPath = /bin/sh;
			shellScript = "\"${SRCROOT}/Pods/Target Support Files/Pods/Pods-resources.sh\"\n";
			showEnvVarsInLog = 0;
		};
		C2B3BE0B8C594772506871E8 /* Check Pods Manifest.lock */ = {
			isa = PBXShellScriptBuildPhase;
			buildActionMask = 2147483647;
			files = (
			);
			inputPaths = (
			);
			name = "Check Pods Manifest.lock";
			outputPaths = (
			);
			runOnlyForDeploymentPostprocessing = 0;
			shellPath = /bin/sh;
			shellScript = "diff \"${PODS_ROOT}/../Podfile.lock\" \"${PODS_ROOT}/Manifest.lock\" > /dev/null\nif [[ $? != 0 ]] ; then\n    cat << EOM\nerror: The sandbox is not in sync with the Podfile.lock. Run 'pod install' or update your CocoaPods installation.\nEOM\n    exit 1\nfi\n";
			showEnvVarsInLog = 0;
		};
/* End PBXShellScriptBuildPhase section */

/* Begin PBXSourcesBuildPhase section */
		7CD251901BA30DCD00F67E48 /* Sources */ = {
			isa = PBXSourcesBuildPhase;
			buildActionMask = 2147483647;
			files = (
				7C6BFCC81BA4D8320026495A /* ProductInfoCell.m in Sources */,
				7CD251A01BA30DCD00F67E48 /* ProductsViewController.m in Sources */,
				7C6BFCC51BA4D8240026495A /* ProductImageCell.m in Sources */,
				7CD251BF1BA3118C00F67E48 /* ProductCell.m in Sources */,
				7C6BFCBA1BA4CD400026495A /* LastCell.m in Sources */,
				7CD2519D1BA30DCD00F67E48 /* AppDelegate.m in Sources */,
				7C6BFCCB1BA4DFAD0026495A /* ProductDescriptionCell.m in Sources */,
				7C1BC2071BA3AB1100353080 /* ProductDetailViewController.m in Sources */,
				7CD2519A1BA30DCD00F67E48 /* main.m in Sources */,
				7CD251C21BA3120700F67E48 /* WebServiceClient.m in Sources */,
			);
			runOnlyForDeploymentPostprocessing = 0;
		};
		7CD251A91BA30DCD00F67E48 /* Sources */ = {
			isa = PBXSourcesBuildPhase;
			buildActionMask = 2147483647;
			files = (
				7CD251B41BA30DCD00F67E48 /* ZaloraTests.m in Sources */,
			);
			runOnlyForDeploymentPostprocessing = 0;
		};
/* End PBXSourcesBuildPhase section */

/* Begin PBXTargetDependency section */
		7CD251AF1BA30DCD00F67E48 /* PBXTargetDependency */ = {
			isa = PBXTargetDependency;
			target = 7CD251931BA30DCD00F67E48 /* Zalora */;
			targetProxy = 7CD251AE1BA30DCD00F67E48 /* PBXContainerItemProxy */;
		};
/* End PBXTargetDependency section */

/* Begin PBXVariantGroup section */
		7CD251A11BA30DCD00F67E48 /* Main.storyboard */ = {
			isa = PBXVariantGroup;
			children = (
				7CD251A21BA30DCD00F67E48 /* Base */,
			);
			name = Main.storyboard;
			sourceTree = "<group>";
		};
		7CD251A61BA30DCD00F67E48 /* LaunchScreen.xib */ = {
			isa = PBXVariantGroup;
			children = (
				7CD251A71BA30DCD00F67E48 /* Base */,
			);
			name = LaunchScreen.xib;
			sourceTree = "<group>";
		};
/* End PBXVariantGroup section */

/* Begin XCBuildConfiguration section */
		7CD251B51BA30DCD00F67E48 /* Debug */ = {
			isa = XCBuildConfiguration;
			buildSettings = {
				ALWAYS_SEARCH_USER_PATHS = NO;
				CLANG_CXX_LANGUAGE_STANDARD = "gnu++0x";
				CLANG_CXX_LIBRARY = "libc++";
				CLANG_ENABLE_MODULES = YES;
				CLANG_ENABLE_OBJC_ARC = YES;
				CLANG_WARN_BOOL_CONVERSION = YES;
				CLANG_WARN_CONSTANT_CONVERSION = YES;
				CLANG_WARN_DIRECT_OBJC_ISA_USAGE = YES_ERROR;
				CLANG_WARN_EMPTY_BODY = YES;
				CLANG_WARN_ENUM_CONVERSION = YES;
				CLANG_WARN_INT_CONVERSION = YES;
				CLANG_WARN_OBJC_ROOT_CLASS = YES_ERROR;
				CLANG_WARN_UNREACHABLE_CODE = YES;
				CLANG_WARN__DUPLICATE_METHOD_MATCH = YES;
				"CODE_SIGN_IDENTITY[sdk=iphoneos*]" = "iPhone Developer";
				COPY_PHASE_STRIP = NO;
				DEBUG_INFORMATION_FORMAT = "dwarf-with-dsym";
				ENABLE_STRICT_OBJC_MSGSEND = YES;
				GCC_C_LANGUAGE_STANDARD = gnu99;
				GCC_DYNAMIC_NO_PIC = NO;
				GCC_NO_COMMON_BLOCKS = YES;
				GCC_OPTIMIZATION_LEVEL = 0;
				GCC_PREPROCESSOR_DEFINITIONS = (
					"DEBUG=1",
					"$(inherited)",
				);
				GCC_SYMBOLS_PRIVATE_EXTERN = NO;
				GCC_WARN_64_TO_32_BIT_CONVERSION = YES;
				GCC_WARN_ABOUT_RETURN_TYPE = YES_ERROR;
				GCC_WARN_UNDECLARED_SELECTOR = YES;
				GCC_WARN_UNINITIALIZED_AUTOS = YES_AGGRESSIVE;
				GCC_WARN_UNUSED_FUNCTION = YES;
				GCC_WARN_UNUSED_VARIABLE = YES;
				IPHONEOS_DEPLOYMENT_TARGET = 8.4;
				MTL_ENABLE_DEBUG_INFO = YES;
				ONLY_ACTIVE_ARCH = YES;
				SDKROOT = iphoneos;
			};
			name = Debug;
		};
		7CD251B61BA30DCD00F67E48 /* Release */ = {
			isa = XCBuildConfiguration;
			buildSettings = {
				ALWAYS_SEARCH_USER_PATHS = NO;
				CLANG_CXX_LANGUAGE_STANDARD = "gnu++0x";
				CLANG_CXX_LIBRARY = "libc++";
				CLANG_ENABLE_MODULES = YES;
				CLANG_ENABLE_OBJC_ARC = YES;
				CLANG_WARN_BOOL_CONVERSION = YES;
				CLANG_WARN_CONSTANT_CONVERSION = YES;
				CLANG_WARN_DIRECT_OBJC_ISA_USAGE = YES_ERROR;
				CLANG_WARN_EMPTY_BODY = YES;
				CLANG_WARN_ENUM_CONVERSION = YES;
				CLANG_WARN_INT_CONVERSION = YES;
				CLANG_WARN_OBJC_ROOT_CLASS = YES_ERROR;
				CLANG_WARN_UNREACHABLE_CODE = YES;
				CLANG_WARN__DUPLICATE_METHOD_MATCH = YES;
				"CODE_SIGN_IDENTITY[sdk=iphoneos*]" = "iPhone Developer";
				COPY_PHASE_STRIP = NO;
				DEBUG_INFORMATION_FORMAT = "dwarf-with-dsym";
				ENABLE_NS_ASSERTIONS = NO;
				ENABLE_STRICT_OBJC_MSGSEND = YES;
				GCC_C_LANGUAGE_STANDARD = gnu99;
				GCC_NO_COMMON_BLOCKS = YES;
				GCC_WARN_64_TO_32_BIT_CONVERSION = YES;
				GCC_WARN_ABOUT_RETURN_TYPE = YES_ERROR;
				GCC_WARN_UNDECLARED_SELECTOR = YES;
				GCC_WARN_UNINITIALIZED_AUTOS = YES_AGGRESSIVE;
				GCC_WARN_UNUSED_FUNCTION = YES;
				GCC_WARN_UNUSED_VARIABLE = YES;
				IPHONEOS_DEPLOYMENT_TARGET = 8.4;
				MTL_ENABLE_DEBUG_INFO = NO;
				SDKROOT = iphoneos;
				VALIDATE_PRODUCT = YES;
			};
			name = Release;
		};
		7CD251B81BA30DCD00F67E48 /* Debug */ = {
			isa = XCBuildConfiguration;
			baseConfigurationReference = ECFA0C033F9F4246961306B1 /* Pods.debug.xcconfig */;
			buildSettings = {
				ASSETCATALOG_COMPILER_APPICON_NAME = AppIcon;
				INFOPLIST_FILE = Zalora/Info.plist;
				IPHONEOS_DEPLOYMENT_TARGET = 8.0;
				LD_RUNPATH_SEARCH_PATHS = "$(inherited) @executable_path/Frameworks";
				PRODUCT_NAME = "$(TARGET_NAME)";
				TARGETED_DEVICE_FAMILY = "1,2";
			};
			name = Debug;
		};
		7CD251B91BA30DCD00F67E48 /* Release */ = {
			isa = XCBuildConfiguration;
			baseConfigurationReference = 7374F3E65FFDB5E88B3FEFB3 /* Pods.release.xcconfig */;
			buildSettings = {
				ASSETCATALOG_COMPILER_APPICON_NAME = AppIcon;
				INFOPLIST_FILE = Zalora/Info.plist;
				IPHONEOS_DEPLOYMENT_TARGET = 8.0;
				LD_RUNPATH_SEARCH_PATHS = "$(inherited) @executable_path/Frameworks";
				PRODUCT_NAME = "$(TARGET_NAME)";
				TARGETED_DEVICE_FAMILY = "1,2";
			};
			name = Release;
		};
		7CD251BB1BA30DCD00F67E48 /* Debug */ = {
			isa = XCBuildConfiguration;
			buildSettings = {
				BUNDLE_LOADER = "$(TEST_HOST)";
				FRAMEWORK_SEARCH_PATHS = (
					"$(SDKROOT)/Developer/Library/Frameworks",
					"$(inherited)",
				);
				GCC_PREPROCESSOR_DEFINITIONS = (
					"DEBUG=1",
					"$(inherited)",
				);
				INFOPLIST_FILE = ZaloraTests/Info.plist;
				LD_RUNPATH_SEARCH_PATHS = "$(inherited) @executable_path/Frameworks @loader_path/Frameworks";
				PRODUCT_NAME = "$(TARGET_NAME)";
				TEST_HOST = "$(BUILT_PRODUCTS_DIR)/Zalora.app/Zalora";
			};
			name = Debug;
		};
		7CD251BC1BA30DCD00F67E48 /* Release */ = {
			isa = XCBuildConfiguration;
			buildSettings = {
				BUNDLE_LOADER = "$(TEST_HOST)";
				FRAMEWORK_SEARCH_PATHS = (
					"$(SDKROOT)/Developer/Library/Frameworks",
					"$(inherited)",
				);
				INFOPLIST_FILE = ZaloraTests/Info.plist;
				LD_RUNPATH_SEARCH_PATHS = "$(inherited) @executable_path/Frameworks @loader_path/Frameworks";
				PRODUCT_NAME = "$(TARGET_NAME)";
				TEST_HOST = "$(BUILT_PRODUCTS_DIR)/Zalora.app/Zalora";
			};
			name = Release;
		};
/* End XCBuildConfiguration section */

/* Begin XCConfigurationList section */
		7CD2518F1BA30DCD00F67E48 /* Build configuration list for PBXProject "Zalora" */ = {
			isa = XCConfigurationList;
			buildConfigurations = (
				7CD251B51BA30DCD00F67E48 /* Debug */,
				7CD251B61BA30DCD00F67E48 /* Release */,
			);
			defaultConfigurationIsVisible = 0;
			defaultConfigurationName = Release;
		};
		7CD251B71BA30DCD00F67E48 /* Build configuration list for PBXNativeTarget "Zalora" */ = {
			isa = XCConfigurationList;
			buildConfigurations = (
				7CD251B81BA30DCD00F67E48 /* Debug */,
				7CD251B91BA30DCD00F67E48 /* Release */,
			);
			defaultConfigurationIsVisible = 0;
			defaultConfigurationName = Release;
		};
		7CD251BA1BA30DCD00F67E48 /* Build configuration list for PBXNativeTarget "ZaloraTests" */ = {
			isa = XCConfigurationList;
			buildConfigurations = (
				7CD251BB1BA30DCD00F67E48 /* Debug */,
				7CD251BC1BA30DCD00F67E48 /* Release */,
			);
			defaultConfigurationIsVisible = 0;
			defaultConfigurationName = Release;
		};
/* End XCConfigurationList section */
	};
	rootObject = 7CD2518C1BA30DCD00F67E48 /* Project object */;
}
